
Microsoft Visual Studio Solution File, Format Version 12.00
# Visual Studio Version 17
VisualStudioVersion = 17.5.002.0
MinimumVisualStudioVersion = 10.0.40219.1
Project("{9A19103F-16F7-4668-BE54-9A1E7A4F7556}") = "EX01", "EX01.csproj", "{BC01148D-B80A-4B53-AF0D-4BA3FD9F4EEA}"
EndProject
Global
	GlobalSection(SolutionConfigurationPlatforms) = preSolution
		Debug|Any CPU = Debug|Any CPU
		Release|Any CPU = Release|Any CPU
	EndGlobalSection
	GlobalSection(ProjectConfigurationPlatforms) = postSolution
		{BC01148D-B80A-4B53-AF0D-4BA3FD9F4EEA}.Debug|Any CPU.ActiveCfg = Debug|Any CPU
		{BC01148D-B80A-4B53-AF0D-4BA3FD9F4EEA}.Debug|Any CPU.Build.0 = Debug|Any CPU
		{BC01148D-B80A-4B53-AF0D-4BA3FD9F4EEA}.Release|Any CPU.ActiveCfg = Release|Any CPU
		{BC01148D-B80A-4B53-AF0D-4BA3FD9F4EEA}.Release|Any CPU.Build.0 = Release|Any CPU
	EndGlobalSection
	GlobalSection(SolutionProperties) = preSolution
		HideSolutionNode = FALSE
	EndGlobalSection
	GlobalSection(ExtensibilityGlobals) = postSolution
		SolutionGuid = {980C3C26-51C2-450B-A572-79B2DEDC4308}
	EndGlobalSection
EndGlobal
